
Microsoft Visual Studio Solution File, Format Version 12.00
# Visual Studio Version 17
VisualStudioVersion = 17.9.34622.214
MinimumVisualStudioVersion = 10.0.40219.1
Project("{FAE04EC0-301F-11D3-BF4B-00C04F79EFBC}") = "examenbackend", "examenbackend\examenbackend.csproj", "{F3A31418-A951-4355-9E33-3CBC65C14B38}"
EndProject
Global
	GlobalSection(SolutionConfigurationPlatforms) = preSolution
		Debug|Any CPU = Debug|Any CPU
		Release|Any CPU = Release|Any CPU
	EndGlobalSection
	GlobalSection(ProjectConfigurationPlatforms) = postSolution
		{F3A31418-A951-4355-9E33-3CBC65C14B38}.Debug|Any CPU.ActiveCfg = Debug|Any CPU
		{F3A31418-A951-4355-9E33-3CBC65C14B38}.Debug|Any CPU.Build.0 = Debug|Any CPU
		{F3A31418-A951-4355-9E33-3CBC65C14B38}.Release|Any CPU.ActiveCfg = Release|Any CPU
		{F3A31418-A951-4355-9E33-3CBC65C14B38}.Release|Any CPU.Build.0 = Release|Any CPU
	EndGlobalSection
	GlobalSection(SolutionProperties) = preSolution
		HideSolutionNode = FALSE
	EndGlobalSection
	GlobalSection(ExtensibilityGlobals) = postSolution
		SolutionGuid = {32F14FEC-18BC-4A23-A531-A6C86C762F74}
	EndGlobalSection
EndGlobal
